
Microsoft Visual Studio Solution File, Format Version 12.00
# Visual Studio Version 16
VisualStudioVersion = 16.0.30128.74
MinimumVisualStudioVersion = 10.0.40219.1
Project("{FAE04EC0-301F-11D3-BF4B-00C04F79EFBC}") = "wzorzec kompozyt", "wzorzec kompozyt.csproj", "{20449FFE-035E-43B1-A8D0-7D2D7A520A91}"
EndProject
Global
	GlobalSection(SolutionConfigurationPlatforms) = preSolution
		Debug|Any CPU = Debug|Any CPU
		Release|Any CPU = Release|Any CPU
	EndGlobalSection
	GlobalSection(ProjectConfigurationPlatforms) = postSolution
		{20449FFE-035E-43B1-A8D0-7D2D7A520A91}.Debug|Any CPU.ActiveCfg = Debug|Any CPU
		{20449FFE-035E-43B1-A8D0-7D2D7A520A91}.Debug|Any CPU.Build.0 = Debug|Any CPU
		{20449FFE-035E-43B1-A8D0-7D2D7A520A91}.Release|Any CPU.ActiveCfg = Release|Any CPU
		{20449FFE-035E-43B1-A8D0-7D2D7A520A91}.Release|Any CPU.Build.0 = Release|Any CPU
	EndGlobalSection
	GlobalSection(SolutionProperties) = preSolution
		HideSolutionNode = FALSE
	EndGlobalSection
	GlobalSection(ExtensibilityGlobals) = postSolution
		SolutionGuid = {8BDCC1BA-E695-4D2D-9B63-4A68D4D07099}
	EndGlobalSection
EndGlobal
